
Microsoft Visual Studio Solution File, Format Version 12.00
# Visual Studio Version 17
VisualStudioVersion = 17.8.34525.116
MinimumVisualStudioVersion = 10.0.40219.1
Project("{FAE04EC0-301F-11D3-BF4B-00C04F79EFBC}") = "Finailzacao_2024_1_tri", "Finailzacao_2024_1_tri\Finailzacao_2024_1_tri.csproj", "{CB7D29EE-2563-41B3-8895-975268F5AD92}"
EndProject
Global
	GlobalSection(SolutionConfigurationPlatforms) = preSolution
		Debug|Any CPU = Debug|Any CPU
		Release|Any CPU = Release|Any CPU
	EndGlobalSection
	GlobalSection(ProjectConfigurationPlatforms) = postSolution
		{CB7D29EE-2563-41B3-8895-975268F5AD92}.Debug|Any CPU.ActiveCfg = Debug|Any CPU
		{CB7D29EE-2563-41B3-8895-975268F5AD92}.Debug|Any CPU.Build.0 = Debug|Any CPU
		{CB7D29EE-2563-41B3-8895-975268F5AD92}.Release|Any CPU.ActiveCfg = Release|Any CPU
		{CB7D29EE-2563-41B3-8895-975268F5AD92}.Release|Any CPU.Build.0 = Release|Any CPU
	EndGlobalSection
	GlobalSection(SolutionProperties) = preSolution
		HideSolutionNode = FALSE
	EndGlobalSection
	GlobalSection(ExtensibilityGlobals) = postSolution
		SolutionGuid = {968F5990-47CC-410B-90F2-4B64B1C8E818}
	EndGlobalSection
EndGlobal
